
Microsoft Visual Studio Solution File, Format Version 12.00
# Visual Studio Version 17
VisualStudioVersion = 17.4.33213.308
MinimumVisualStudioVersion = 10.0.40219.1
Project("{FAE04EC0-301F-11D3-BF4B-00C04F79EFBC}") = "BubbleSort", "BubbleSort\BubbleSort.csproj", "{C24F2055-E8CB-4C3A-A2BC-59105443394F}"
EndProject
Global
	GlobalSection(SolutionConfigurationPlatforms) = preSolution
		Debug|Any CPU = Debug|Any CPU
		Release|Any CPU = Release|Any CPU
	EndGlobalSection
	GlobalSection(ProjectConfigurationPlatforms) = postSolution
		{C24F2055-E8CB-4C3A-A2BC-59105443394F}.Debug|Any CPU.ActiveCfg = Debug|Any CPU
		{C24F2055-E8CB-4C3A-A2BC-59105443394F}.Debug|Any CPU.Build.0 = Debug|Any CPU
		{C24F2055-E8CB-4C3A-A2BC-59105443394F}.Release|Any CPU.ActiveCfg = Release|Any CPU
		{C24F2055-E8CB-4C3A-A2BC-59105443394F}.Release|Any CPU.Build.0 = Release|Any CPU
	EndGlobalSection
	GlobalSection(SolutionProperties) = preSolution
		HideSolutionNode = FALSE
	EndGlobalSection
	GlobalSection(ExtensibilityGlobals) = postSolution
		SolutionGuid = {03A9158A-8760-47D4-BDE6-5AF16C0D85A0}
	EndGlobalSection
EndGlobal
